// !$*UTF8*$!
{
	archiveVersion = 1;
	classes = {
	};
	objectVersion = 50;
	objects = {

/* Begin PBXBuildFile section */
		330125D925EE8BD900C4F4CC /* GameSceneVC.swift in Sources */ = {isa = PBXBuildFile; fileRef = 330125D825EE8BD900C4F4CC /* GameSceneVC.swift */; };
		335E27F6262F0EB800F87AFB /* MainMenuTests.swift in Sources */ = {isa = PBXBuildFile; fileRef = 335E27F5262F0EB800F87AFB /* MainMenuTests.swift */; };
		335E2806262F132700F87AFB /* SetUpTests.swift in Sources */ = {isa = PBXBuildFile; fileRef = 335E2805262F132700F87AFB /* SetUpTests.swift */; };
		335E28152631C76F00F87AFB /* HelpCell.swift in Sources */ = {isa = PBXBuildFile; fileRef = 335E28142631C76F00F87AFB /* HelpCell.swift */; };
		33646E79261336F200B1A9D7 /* StepperCell.swift in Sources */ = {isa = PBXBuildFile; fileRef = 33646E78261336F200B1A9D7 /* StepperCell.swift */; };
		3365714125E63CB600308812 /* SetUpVC.swift in Sources */ = {isa = PBXBuildFile; fileRef = 3365714025E63CB600308812 /* SetUpVC.swift */; };
		3365714725E662A300308812 /* SegmentCell.swift in Sources */ = {isa = PBXBuildFile; fileRef = 3365714625E662A300308812 /* SegmentCell.swift */; };
		336CBC00260773820090D223 /* HidingSpot.swift in Sources */ = {isa = PBXBuildFile; fileRef = 336CBBFF260773820090D223 /* HidingSpot.swift */; };
		3371F2E525E91266008E983E /* GameScene.swift in Sources */ = {isa = PBXBuildFile; fileRef = 3371F2E425E91266008E983E /* GameScene.swift */; };
		3371F2E825E91822008E983E /* extensions.swift in Sources */ = {isa = PBXBuildFile; fileRef = 3371F2E725E91822008E983E /* extensions.swift */; };
		339157982608B097008FFCA2 /* Player.swift in Sources */ = {isa = PBXBuildFile; fileRef = 339157972608B097008FFCA2 /* Player.swift */; };
		3391579D2608B8E8008FFCA2 /* Bot.swift in Sources */ = {isa = PBXBuildFile; fileRef = 3391579C2608B8E8008FFCA2 /* Bot.swift */; };
		33DAC08025FF7B18007FA28F /* HelpVC.swift in Sources */ = {isa = PBXBuildFile; fileRef = 33DAC07F25FF7B18007FA28F /* HelpVC.swift */; };
		33E5BDC325E5369600D337F9 /* AppDelegate.swift in Sources */ = {isa = PBXBuildFile; fileRef = 33E5BDC225E5369600D337F9 /* AppDelegate.swift */; };
		33E5BDCB25E5369600D337F9 /* MainMenuVC.swift in Sources */ = {isa = PBXBuildFile; fileRef = 33E5BDCA25E5369600D337F9 /* MainMenuVC.swift */; };
		33E5BDCE25E5369600D337F9 /* Main.storyboard in Resources */ = {isa = PBXBuildFile; fileRef = 33E5BDCC25E5369600D337F9 /* Main.storyboard */; };
		33E5BDD025E5369700D337F9 /* Assets.xcassets in Resources */ = {isa = PBXBuildFile; fileRef = 33E5BDCF25E5369700D337F9 /* Assets.xcassets */; };
		33E5BDDD25E5375700D337F9 /* MainMenuScene.sks in Resources */ = {isa = PBXBuildFile; fileRef = 33E5BDDB25E5375700D337F9 /* MainMenuScene.sks */; };
		33E5BDDE25E5375700D337F9 /* MainMenu.swift in Sources */ = {isa = PBXBuildFile; fileRef = 33E5BDDC25E5375700D337F9 /* MainMenu.swift */; };
/* End PBXBuildFile section */

/* Begin PBXContainerItemProxy section */
		335E27CB262F014800F87AFB /* PBXContainerItemProxy */ = {
			isa = PBXContainerItemProxy;
			containerPortal = 33E5BDB725E5369600D337F9 /* Project object */;
			proxyType = 1;
			remoteGlobalIDString = 33E5BDBE25E5369600D337F9;
			remoteInfo = HideAndSeek;
		};
/* End PBXContainerItemProxy section */

/* Begin PBXFileReference section */
		330125D825EE8BD900C4F4CC /* GameSceneVC.swift */ = {isa = PBXFileReference; lastKnownFileType = sourcecode.swift; path = GameSceneVC.swift; sourceTree = "<group>"; };
		33284B18262B061700C46746 /* Hide&Seek.playground */ = {isa = PBXFileReference; lastKnownFileType = file.playground; name = "Hide&Seek.playground"; path = "../../Playground/Hide&Seek.playground"; sourceTree = "<group>"; xcLanguageSpecificationIdentifier = xcode.lang.swift; };
		335E27C6262F014800F87AFB /* HideAndSeekTests.xctest */ = {isa = PBXFileReference; explicitFileType = wrapper.cfbundle; includeInIndex = 0; path = HideAndSeekTests.xctest; sourceTree = BUILT_PRODUCTS_DIR; };
		335E27CA262F014800F87AFB /* Info.plist */ = {isa = PBXFileReference; lastKnownFileType = text.plist.xml; path = Info.plist; sourceTree = "<group>"; };
		335E27F5262F0EB800F87AFB /* MainMenuTests.swift */ = {isa = PBXFileReference; lastKnownFileType = sourcecode.swift; path = MainMenuTests.swift; sourceTree = "<group>"; };
		335E2805262F132700F87AFB /* SetUpTests.swift */ = {isa = PBXFileReference; lastKnownFileType = sourcecode.swift; path = SetUpTests.swift; sourceTree = "<group>"; };
		335E28142631C76F00F87AFB /* HelpCell.swift */ = {isa = PBXFileReference; lastKnownFileType = sourcecode.swift; path = HelpCell.swift; sourceTree = "<group>"; };
		33646E78261336F200B1A9D7 /* StepperCell.swift */ = {isa = PBXFileReference; lastKnownFileType = sourcecode.swift; path = StepperCell.swift; sourceTree = "<group>"; };
		3365714025E63CB600308812 /* SetUpVC.swift */ = {isa = PBXFileReference; lastKnownFileType = sourcecode.swift; path = SetUpVC.swift; sourceTree = "<group>"; };
		3365714625E662A300308812 /* SegmentCell.swift */ = {isa = PBXFileReference; lastKnownFileType = sourcecode.swift; path = SegmentCell.swift; sourceTree = "<group>"; };
		336CBBFF260773820090D223 /* HidingSpot.swift */ = {isa = PBXFileReference; lastKnownFileType = sourcecode.swift; path = HidingSpot.swift; sourceTree = "<group>"; };
		3371F2E425E91266008E983E /* GameScene.swift */ = {isa = PBXFileReference; lastKnownFileType = sourcecode.swift; path = GameScene.swift; sourceTree = "<group>"; };
		3371F2E725E91822008E983E /* extensions.swift */ = {isa = PBXFileReference; lastKnownFileType = sourcecode.swift; path = extensions.swift; sourceTree = "<group>"; };
		339157972608B097008FFCA2 /* Player.swift */ = {isa = PBXFileReference; lastKnownFileType = sourcecode.swift; path = Player.swift; sourceTree = "<group>"; };
		3391579C2608B8E8008FFCA2 /* Bot.swift */ = {isa = PBXFileReference; lastKnownFileType = sourcecode.swift; path = Bot.swift; sourceTree = "<group>"; };
		33DAC07F25FF7B18007FA28F /* HelpVC.swift */ = {isa = PBXFileReference; lastKnownFileType = sourcecode.swift; path = HelpVC.swift; sourceTree = "<group>"; };
		33E5BDBF25E5369600D337F9 /* HideAndSeek.app */ = {isa = PBXFileReference; explicitFileType = wrapper.application; includeInIndex = 0; path = HideAndSeek.app; sourceTree = BUILT_PRODUCTS_DIR; };
		33E5BDC225E5369600D337F9 /* AppDelegate.swift */ = {isa = PBXFileReference; lastKnownFileType = sourcecode.swift; path = AppDelegate.swift; sourceTree = "<group>"; };
		33E5BDCA25E5369600D337F9 /* MainMenuVC.swift */ = {isa = PBXFileReference; lastKnownFileType = sourcecode.swift; path = MainMenuVC.swift; sourceTree = "<group>"; };
		33E5BDCD25E5369600D337F9 /* Base */ = {isa = PBXFileReference; lastKnownFileType = file.storyboard; name = Base; path = Base.lproj/Main.storyboard; sourceTree = "<group>"; };
		33E5BDCF25E5369700D337F9 /* Assets.xcassets */ = {isa = PBXFileReference; lastKnownFileType = folder.assetcatalog; path = Assets.xcassets; sourceTree = "<group>"; };
		33E5BDD125E5369700D337F9 /* Info.plist */ = {isa = PBXFileReference; lastKnownFileType = text.plist.xml; path = Info.plist; sourceTree = "<group>"; };
		33E5BDDB25E5375700D337F9 /* MainMenuScene.sks */ = {isa = PBXFileReference; lastKnownFileType = file.sks; path = MainMenuScene.sks; sourceTree = "<group>"; };
		33E5BDDC25E5375700D337F9 /* MainMenu.swift */ = {isa = PBXFileReference; fileEncoding = 4; lastKnownFileType = sourcecode.swift; path = MainMenu.swift; sourceTree = "<group>"; };
/* End PBXFileReference section */

/* Begin PBXFrameworksBuildPhase section */
		335E27C3262F014800F87AFB /* Frameworks */ = {
			isa = PBXFrameworksBuildPhase;
			buildActionMask = 2147483647;
			files = (
			);
			runOnlyForDeploymentPostprocessing = 0;
		};
		33E5BDBC25E5369600D337F9 /* Frameworks */ = {
			isa = PBXFrameworksBuildPhase;
			buildActionMask = 2147483647;
			files = (
			);
			runOnlyForDeploymentPostprocessing = 0;
		};
/* End PBXFrameworksBuildPhase section */

/* Begin PBXGroup section */
		335E27C7262F014800F87AFB /* HideAndSeekTests */ = {
			isa = PBXGroup;
			children = (
				335E27D6262F02A000F87AFB /* Cases */,
				335E27D7262F02A800F87AFB /* Data */,
				335E27CA262F014800F87AFB /* Info.plist */,
			);
			path = HideAndSeekTests;
			sourceTree = "<group>";
		};
		335E27D6262F02A000F87AFB /* Cases */ = {
			isa = PBXGroup;
			children = (
				335E27F5262F0EB800F87AFB /* MainMenuTests.swift */,
				335E2805262F132700F87AFB /* SetUpTests.swift */,
			);
			path = Cases;
			sourceTree = "<group>";
		};
		335E27D7262F02A800F87AFB /* Data */ = {
			isa = PBXGroup;
			children = (
			);
			path = Data;
			sourceTree = "<group>";
		};
		3371F2E025E91239008E983E /* GameScene */ = {
			isa = PBXGroup;
			children = (
				3371F2E425E91266008E983E /* GameScene.swift */,
				330125D825EE8BD900C4F4CC /* GameSceneVC.swift */,
			);
			path = GameScene;
			sourceTree = "<group>";
		};
		337648C82632EE660094056A /* Models */ = {
			isa = PBXGroup;
			children = (
				336CBBFF260773820090D223 /* HidingSpot.swift */,
				339157972608B097008FFCA2 /* Player.swift */,
				3391579C2608B8E8008FFCA2 /* Bot.swift */,
			);
			path = Models;
			sourceTree = "<group>";
		};
		33E5BDB625E5369600D337F9 = {
			isa = PBXGroup;
			children = (
				33284B18262B061700C46746 /* Hide&Seek.playground */,
				33E5BDC125E5369600D337F9 /* HideAndSeek */,
				335E27C7262F014800F87AFB /* HideAndSeekTests */,
				33E5BDC025E5369600D337F9 /* Products */,
			);
			sourceTree = "<group>";
		};
		33E5BDC025E5369600D337F9 /* Products */ = {
			isa = PBXGroup;
			children = (
				33E5BDBF25E5369600D337F9 /* HideAndSeek.app */,
				335E27C6262F014800F87AFB /* HideAndSeekTests.xctest */,
			);
			name = Products;
			sourceTree = "<group>";
		};
		33E5BDC125E5369600D337F9 /* HideAndSeek */ = {
			isa = PBXGroup;
			children = (
				33E5BDC225E5369600D337F9 /* AppDelegate.swift */,
				33E5BDCC25E5369600D337F9 /* Main.storyboard */,
				33E5BDEB25E5612400D337F9 /* MainMenu */,
				33E5BDF425E5643300D337F9 /* Help */,
				33E5BDEC25E5614100D337F9 /* SetUp */,
				3371F2E025E91239008E983E /* GameScene */,
				337648C82632EE660094056A /* Models */,
				3371F2E725E91822008E983E /* extensions.swift */,
				33E5BDCF25E5369700D337F9 /* Assets.xcassets */,
				33E5BDD125E5369700D337F9 /* Info.plist */,
			);
			path = HideAndSeek;
			sourceTree = "<group>";
		};
		33E5BDEB25E5612400D337F9 /* MainMenu */ = {
			isa = PBXGroup;
			children = (
				33E5BDCA25E5369600D337F9 /* MainMenuVC.swift */,
				33E5BDDB25E5375700D337F9 /* MainMenuScene.sks */,
				33E5BDDC25E5375700D337F9 /* MainMenu.swift */,
			);
			path = MainMenu;
			sourceTree = "<group>";
		};
		33E5BDEC25E5614100D337F9 /* SetUp */ = {
			isa = PBXGroup;
			children = (
				3365714025E63CB600308812 /* SetUpVC.swift */,
				3365714625E662A300308812 /* SegmentCell.swift */,
				33646E78261336F200B1A9D7 /* StepperCell.swift */,
			);
			path = SetUp;
			sourceTree = "<group>";
		};
		33E5BDF425E5643300D337F9 /* Help */ = {
			isa = PBXGroup;
			children = (
				33DAC07F25FF7B18007FA28F /* HelpVC.swift */,
				335E28142631C76F00F87AFB /* HelpCell.swift */,
			);
			path = Help;
			sourceTree = "<group>";
		};
/* End PBXGroup section */

/* Begin PBXNativeTarget section */
		335E27C5262F014800F87AFB /* HideAndSeekTests */ = {
			isa = PBXNativeTarget;
			buildConfigurationList = 335E27CD262F014800F87AFB /* Build configuration list for PBXNativeTarget "HideAndSeekTests" */;
			buildPhases = (
				335E27C2262F014800F87AFB /* Sources */,
				335E27C3262F014800F87AFB /* Frameworks */,
				335E27C4262F014800F87AFB /* Resources */,
			);
			buildRules = (
			);
			dependencies = (
				335E27CC262F014800F87AFB /* PBXTargetDependency */,
			);
			name = HideAndSeekTests;
			productName = HideAndSeekTests;
			productReference = 335E27C6262F014800F87AFB /* HideAndSeekTests.xctest */;
			productType = "com.apple.product-type.bundle.unit-test";
		};
		33E5BDBE25E5369600D337F9 /* HideAndSeek */ = {
			isa = PBXNativeTarget;
			buildConfigurationList = 33E5BDD425E5369700D337F9 /* Build configuration list for PBXNativeTarget "HideAndSeek" */;
			buildPhases = (
				33E5BDBB25E5369600D337F9 /* Sources */,
				33E5BDBC25E5369600D337F9 /* Frameworks */,
				33E5BDBD25E5369600D337F9 /* Resources */,
			);
			buildRules = (
			);
			dependencies = (
			);
			name = HideAndSeek;
			productName = HideAndSeek;
			productReference = 33E5BDBF25E5369600D337F9 /* HideAndSeek.app */;
			productType = "com.apple.product-type.application";
		};
/* End PBXNativeTarget section */

/* Begin PBXProject section */
		33E5BDB725E5369600D337F9 /* Project object */ = {
			isa = PBXProject;
			attributes = {
				LastSwiftUpdateCheck = 1240;
				LastUpgradeCheck = 1240;
				TargetAttributes = {
					335E27C5262F014800F87AFB = {
						CreatedOnToolsVersion = 12.4;
						LastSwiftMigration = 1240;
						TestTargetID = 33E5BDBE25E5369600D337F9;
					};
					33E5BDBE25E5369600D337F9 = {
						CreatedOnToolsVersion = 12.4;
					};
				};
			};
			buildConfigurationList = 33E5BDBA25E5369600D337F9 /* Build configuration list for PBXProject "HideAndSeek" */;
			compatibilityVersion = "Xcode 9.3";
			developmentRegion = en;
			hasScannedForEncodings = 0;
			knownRegions = (
				en,
				Base,
			);
			mainGroup = 33E5BDB625E5369600D337F9;
			productRefGroup = 33E5BDC025E5369600D337F9 /* Products */;
			projectDirPath = "";
			projectRoot = "";
			targets = (
				33E5BDBE25E5369600D337F9 /* HideAndSeek */,
				335E27C5262F014800F87AFB /* HideAndSeekTests */,
			);
		};
/* End PBXProject section */

/* Begin PBXResourcesBuildPhase section */
		335E27C4262F014800F87AFB /* Resources */ = {
			isa = PBXResourcesBuildPhase;
			buildActionMask = 2147483647;
			files = (
			);
			runOnlyForDeploymentPostprocessing = 0;
		};
		33E5BDBD25E5369600D337F9 /* Resources */ = {
			isa = PBXResourcesBuildPhase;
			buildActionMask = 2147483647;
			files = (
				33E5BDCE25E5369600D337F9 /* Main.storyboard in Resources */,
				33E5BDDD25E5375700D337F9 /* MainMenuScene.sks in Resources */,
				33E5BDD025E5369700D337F9 /* Assets.xcassets in Resources */,
			);
			runOnlyForDeploymentPostprocessing = 0;
		};
/* End PBXResourcesBuildPhase section */

/* Begin PBXSourcesBuildPhase section */
		335E27C2262F014800F87AFB /* Sources */ = {
			isa = PBXSourcesBuildPhase;
			buildActionMask = 2147483647;
			files = (
				335E27F6262F0EB800F87AFB /* MainMenuTests.swift in Sources */,
				335E2806262F132700F87AFB /* SetUpTests.swift in Sources */,
			);
			runOnlyForDeploymentPostprocessing = 0;
		};
		33E5BDBB25E5369600D337F9 /* Sources */ = {
			isa = PBXSourcesBuildPhase;
			buildActionMask = 2147483647;
			files = (
				3365714125E63CB600308812 /* SetUpVC.swift in Sources */,
				336CBC00260773820090D223 /* HidingSpot.swift in Sources */,
				3391579D2608B8E8008FFCA2 /* Bot.swift in Sources */,
				33646E79261336F200B1A9D7 /* StepperCell.swift in Sources */,
				33DAC08025FF7B18007FA28F /* HelpVC.swift in Sources */,
				3365714725E662A300308812 /* SegmentCell.swift in Sources */,
				339157982608B097008FFCA2 /* Player.swift in Sources */,
				3371F2E825E91822008E983E /* extensions.swift in Sources */,
				33E5BDCB25E5369600D337F9 /* MainMenuVC.swift in Sources */,
				33E5BDC325E5369600D337F9 /* AppDelegate.swift in Sources */,
				335E28152631C76F00F87AFB /* HelpCell.swift in Sources */,
				3371F2E525E91266008E983E /* GameScene.swift in Sources */,
				330125D925EE8BD900C4F4CC /* GameSceneVC.swift in Sources */,
				33E5BDDE25E5375700D337F9 /* MainMenu.swift in Sources */,
			);
			runOnlyForDeploymentPostprocessing = 0;
		};
/* End PBXSourcesBuildPhase section */

/* Begin PBXTargetDependency section */
		335E27CC262F014800F87AFB /* PBXTargetDependency */ = {
			isa = PBXTargetDependency;
			target = 33E5BDBE25E5369600D337F9 /* HideAndSeek */;
			targetProxy = 335E27CB262F014800F87AFB /* PBXContainerItemProxy */;
		};
/* End PBXTargetDependency section */

/* Begin PBXVariantGroup section */
		33E5BDCC25E5369600D337F9 /* Main.storyboard */ = {
			isa = PBXVariantGroup;
			children = (
				33E5BDCD25E5369600D337F9 /* Base */,
			);
			name = Main.storyboard;
			sourceTree = "<group>";
		};
/* End PBXVariantGroup section */

/* Begin XCBuildConfiguration section */
		335E27CE262F014800F87AFB /* Debug */ = {
			isa = XCBuildConfiguration;
			buildSettings = {
				BUNDLE_LOADER = "$(TEST_HOST)";
				CLANG_ENABLE_MODULES = YES;
				CODE_SIGN_STYLE = Automatic;
				DEVELOPMENT_TEAM = DCQ3V8BLU5;
				INFOPLIST_FILE = HideAndSeekTests/Info.plist;
				LD_RUNPATH_SEARCH_PATHS = (
					"$(inherited)",
					"@executable_path/Frameworks",
					"@loader_path/Frameworks",
				);
				PRODUCT_BUNDLE_IDENTIFIER = com.petter.braka.HideAndSeekTests;
				PRODUCT_NAME = "$(TARGET_NAME)";
				SWIFT_OPTIMIZATION_LEVEL = "-Onone";
				SWIFT_VERSION = 5.0;
				TARGETED_DEVICE_FAMILY = "1,2";
				TEST_HOST = "$(BUILT_PRODUCTS_DIR)/HideAndSeek.app/HideAndSeek";
			};
			name = Debug;
		};
		335E27CF262F014800F87AFB /* Release */ = {
			isa = XCBuildConfiguration;
			buildSettings = {
				BUNDLE_LOADER = "$(TEST_HOST)";
				CLANG_ENABLE_MODULES = YES;
				CODE_SIGN_STYLE = Automatic;
				DEVELOPMENT_TEAM = DCQ3V8BLU5;
				INFOPLIST_FILE = HideAndSeekTests/Info.plist;
				LD_RUNPATH_SEARCH_PATHS = (
					"$(inherited)",
					"@executable_path/Frameworks",
					"@loader_path/Frameworks",
				);
				PRODUCT_BUNDLE_IDENTIFIER = com.petter.braka.HideAndSeekTests;
				PRODUCT_NAME = "$(TARGET_NAME)";
				SWIFT_VERSION = 5.0;
				TARGETED_DEVICE_FAMILY = "1,2";
				TEST_HOST = "$(BUILT_PRODUCTS_DIR)/HideAndSeek.app/HideAndSeek";
			};
			name = Release;
		};
		33E5BDD225E5369700D337F9 /* Debug */ = {
			isa = XCBuildConfiguration;
			buildSettings = {
				ALWAYS_SEARCH_USER_PATHS = NO;
				CLANG_ANALYZER_NONNULL = YES;
				CLANG_ANALYZER_NUMBER_OBJECT_CONVERSION = YES_AGGRESSIVE;
				CLANG_CXX_LANGUAGE_STANDARD = "gnu++14";
				CLANG_CXX_LIBRARY = "libc++";
				CLANG_ENABLE_MODULES = YES;
				CLANG_ENABLE_OBJC_ARC = YES;
				CLANG_ENABLE_OBJC_WEAK = YES;
				CLANG_WARN_BLOCK_CAPTURE_AUTORELEASING = YES;
				CLANG_WARN_BOOL_CONVERSION = YES;
				CLANG_WARN_COMMA = YES;
				CLANG_WARN_CONSTANT_CONVERSION = YES;
				CLANG_WARN_DEPRECATED_OBJC_IMPLEMENTATIONS = YES;
				CLANG_WARN_DIRECT_OBJC_ISA_USAGE = YES_ERROR;
				CLANG_WARN_DOCUMENTATION_COMMENTS = YES;
				CLANG_WARN_EMPTY_BODY = YES;
				CLANG_WARN_ENUM_CONVERSION = YES;
				CLANG_WARN_INFINITE_RECURSION = YES;
				CLANG_WARN_INT_CONVERSION = YES;
				CLANG_WARN_NON_LITERAL_NULL_CONVERSION = YES;
				CLANG_WARN_OBJC_IMPLICIT_RETAIN_SELF = YES;
				CLANG_WARN_OBJC_LITERAL_CONVERSION = YES;
				CLANG_WARN_OBJC_ROOT_CLASS = YES_ERROR;
				CLANG_WARN_QUOTED_INCLUDE_IN_FRAMEWORK_HEADER = YES;
				CLANG_WARN_RANGE_LOOP_ANALYSIS = YES;
				CLANG_WARN_STRICT_PROTOTYPES = YES;
				CLANG_WARN_SUSPICIOUS_MOVE = YES;
				CLANG_WARN_UNGUARDED_AVAILABILITY = YES_AGGRESSIVE;
				CLANG_WARN_UNREACHABLE_CODE = YES;
				CLANG_WARN__DUPLICATE_METHOD_MATCH = YES;
				COPY_PHASE_STRIP = NO;
				DEBUG_INFORMATION_FORMAT = dwarf;
				ENABLE_STRICT_OBJC_MSGSEND = YES;
				ENABLE_TESTABILITY = YES;
				GCC_C_LANGUAGE_STANDARD = gnu11;
				GCC_DYNAMIC_NO_PIC = NO;
				GCC_NO_COMMON_BLOCKS = YES;
				GCC_OPTIMIZATION_LEVEL = 0;
				GCC_PREPROCESSOR_DEFINITIONS = (
					"DEBUG=1",
					"$(inherited)",
				);
				GCC_WARN_64_TO_32_BIT_CONVERSION = YES;
				GCC_WARN_ABOUT_RETURN_TYPE = YES_ERROR;
				GCC_WARN_UNDECLARED_SELECTOR = YES;
				GCC_WARN_UNINITIALIZED_AUTOS = YES_AGGRESSIVE;
				GCC_WARN_UNUSED_FUNCTION = YES;
				GCC_WARN_UNUSED_VARIABLE = YES;
				IPHONEOS_DEPLOYMENT_TARGET = 14.4;
				MTL_ENABLE_DEBUG_INFO = INCLUDE_SOURCE;
				MTL_FAST_MATH = YES;
				ONLY_ACTIVE_ARCH = YES;
				SDKROOT = iphoneos;
				SWIFT_ACTIVE_COMPILATION_CONDITIONS = DEBUG;
				SWIFT_OPTIMIZATION_LEVEL = "-Onone";
			};
			name = Debug;
		};
		33E5BDD325E5369700D337F9 /* Release */ = {
			isa = XCBuildConfiguration;
			buildSettings = {
				ALWAYS_SEARCH_USER_PATHS = NO;
				CLANG_ANALYZER_NONNULL = YES;
				CLANG_ANALYZER_NUMBER_OBJECT_CONVERSION = YES_AGGRESSIVE;
				CLANG_CXX_LANGUAGE_STANDARD = "gnu++14";
				CLANG_CXX_LIBRARY = "libc++";
				CLANG_ENABLE_MODULES = YES;
				CLANG_ENABLE_OBJC_ARC = YES;
				CLANG_ENABLE_OBJC_WEAK = YES;
				CLANG_WARN_BLOCK_CAPTURE_AUTORELEASING = YES;
				CLANG_WARN_BOOL_CONVERSION = YES;
				CLANG_WARN_COMMA = YES;
				CLANG_WARN_CONSTANT_CONVERSION = YES;
				CLANG_WARN_DEPRECATED_OBJC_IMPLEMENTATIONS = YES;
				CLANG_WARN_DIRECT_OBJC_ISA_USAGE = YES_ERROR;
				CLANG_WARN_DOCUMENTATION_COMMENTS = YES;
				CLANG_WARN_EMPTY_BODY = YES;
				CLANG_WARN_ENUM_CONVERSION = YES;
				CLANG_WARN_INFINITE_RECURSION = YES;
				CLANG_WARN_INT_CONVERSION = YES;
				CLANG_WARN_NON_LITERAL_NULL_CONVERSION = YES;
				CLANG_WARN_OBJC_IMPLICIT_RETAIN_SELF = YES;
				CLANG_WARN_OBJC_LITERAL_CONVERSION = YES;
				CLANG_WARN_OBJC_ROOT_CLASS = YES_ERROR;
				CLANG_WARN_QUOTED_INCLUDE_IN_FRAMEWORK_HEADER = YES;
				CLANG_WARN_RANGE_LOOP_ANALYSIS = YES;
				CLANG_WARN_STRICT_PROTOTYPES = YES;
				CLANG_WARN_SUSPICIOUS_MOVE = YES;
				CLANG_WARN_UNGUARDED_AVAILABILITY = YES_AGGRESSIVE;
				CLANG_WARN_UNREACHABLE_CODE = YES;
				CLANG_WARN__DUPLICATE_METHOD_MATCH = YES;
				COPY_PHASE_STRIP = NO;
				DEBUG_INFORMATION_FORMAT = "dwarf-with-dsym";
				ENABLE_NS_ASSERTIONS = NO;
				ENABLE_STRICT_OBJC_MSGSEND = YES;
				GCC_C_LANGUAGE_STANDARD = gnu11;
				GCC_NO_COMMON_BLOCKS = YES;
				GCC_WARN_64_TO_32_BIT_CONVERSION = YES;
				GCC_WARN_ABOUT_RETURN_TYPE = YES_ERROR;
				GCC_WARN_UNDECLARED_SELECTOR = YES;
				GCC_WARN_UNINITIALIZED_AUTOS = YES_AGGRESSIVE;
				GCC_WARN_UNUSED_FUNCTION = YES;
				GCC_WARN_UNUSED_VARIABLE = YES;
				IPHONEOS_DEPLOYMENT_TARGET = 14.4;
				MTL_ENABLE_DEBUG_INFO = NO;
				MTL_FAST_MATH = YES;
				SDKROOT = iphoneos;
				SWIFT_COMPILATION_MODE = wholemodule;
				SWIFT_OPTIMIZATION_LEVEL = "-O";
				VALIDATE_PRODUCT = YES;
			};
			name = Release;
		};
		33E5BDD525E5369700D337F9 /* Debug */ = {
			isa = XCBuildConfiguration;
			buildSettings = {
				ASSETCATALOG_COMPILER_APPICON_NAME = AppIcon;
				ASSETCATALOG_COMPILER_GLOBAL_ACCENT_COLOR_NAME = AccentColor;
				CODE_SIGN_STYLE = Automatic;
				DEVELOPMENT_TEAM = DCQ3V8BLU5;
				INFOPLIST_FILE = HideAndSeek/Info.plist;
				LD_RUNPATH_SEARCH_PATHS = (
					"$(inherited)",
					"@executable_path/Frameworks",
				);
				MARKETING_VERSION = 0.1;
				PRODUCT_BUNDLE_IDENTIFIER = com.petter.braka.HideAndSeek;
				PRODUCT_NAME = "$(TARGET_NAME)";
				SWIFT_VERSION = 5.0;
				TARGETED_DEVICE_FAMILY = "1,2";
			};
			name = Debug;
		};
		33E5BDD625E5369700D337F9 /* Release */ = {
			isa = XCBuildConfiguration;
			buildSettings = {
				ASSETCATALOG_COMPILER_APPICON_NAME = AppIcon;
				ASSETCATALOG_COMPILER_GLOBAL_ACCENT_COLOR_NAME = AccentColor;
				CODE_SIGN_STYLE = Automatic;
				DEVELOPMENT_TEAM = DCQ3V8BLU5;
				INFOPLIST_FILE = HideAndSeek/Info.plist;
				LD_RUNPATH_SEARCH_PATHS = (
					"$(inherited)",
					"@executable_path/Frameworks",
				);
				MARKETING_VERSION = 0.1;
				PRODUCT_BUNDLE_IDENTIFIER = com.petter.braka.HideAndSeek;
				PRODUCT_NAME = "$(TARGET_NAME)";
				SWIFT_VERSION = 5.0;
				TARGETED_DEVICE_FAMILY = "1,2";
			};
			name = Release;
		};
/* End XCBuildConfiguration section */

/* Begin XCConfigurationList section */
		335E27CD262F014800F87AFB /* Build configuration list for PBXNativeTarget "HideAndSeekTests" */ = {
			isa = XCConfigurationList;
			buildConfigurations = (
				335E27CE262F014800F87AFB /* Debug */,
				335E27CF262F014800F87AFB /* Release */,
			);
			defaultConfigurationIsVisible = 0;
			defaultConfigurationName = Release;
		};
		33E5BDBA25E5369600D337F9 /* Build configuration list for PBXProject "HideAndSeek" */ = {
			isa = XCConfigurationList;
			buildConfigurations = (
				33E5BDD225E5369700D337F9 /* Debug */,
				33E5BDD325E5369700D337F9 /* Release */,
			);
			defaultConfigurationIsVisible = 0;
			defaultConfigurationName = Release;
		};
		33E5BDD425E5369700D337F9 /* Build configuration list for PBXNativeTarget "HideAndSeek" */ = {
			isa = XCConfigurationList;
			buildConfigurations = (
				33E5BDD525E5369700D337F9 /* Debug */,
				33E5BDD625E5369700D337F9 /* Release */,
			);
			defaultConfigurationIsVisible = 0;
			defaultConfigurationName = Release;
		};
/* End XCConfigurationList section */
	};
	rootObject = 33E5BDB725E5369600D337F9 /* Project object */;
}
